{
  "lockfileVersion": 1,
  "configVersion": 0,
  "workspaces": {
    "": {
      "name": "typescript-simple-template",
      "dependencies": {
        "@chainlink/cre-sdk": "^1.0.9",
        "@noble/curves": "^1.9.0",
        "decimal.js": "^10.4.3",
        "ethers": "^6.13.0",
        "viem": "^2.34.0",
        "zod": "^3.23.0",
      },
      "devDependencies": {
        "@types/bun": "1.2.21",
      },
    },
  },
  "packages": {
    "@adraffy/ens-normalize": ["@adraffy/ens-normalize@1.10.1", "", {}, ""],

    "@bufbuild/protobuf": ["@bufbuild/protobuf@2.6.3", "", {}, ""],

    "@bufbuild/protoc-gen-es": ["@bufbuild/protoc-gen-es@2.6.3", "", { "dependencies": { "@bufbuild/protobuf": "2.6.3", "@bufbuild/protoplugin": "2.6.3" }, "peerDependencies": { "@bufbuild/protobuf": "2.6.3" }, "bin": { "protoc-gen-es": "bin/protoc-gen-es" } }, ""],

    "@bufbuild/protoplugin": ["@bufbuild/protoplugin@2.6.3", "", { "dependencies": { "@bufbuild/protobuf": "2.6.3", "@typescript/vfs": "^1.5.2", "typescript": "5.4.5" } }, ""],

    "@chainlink/cre-sdk": ["@chainlink/cre-sdk@1.1.1", "", { "dependencies": { "@bufbuild/protobuf": "2.6.3", "@bufbuild/protoc-gen-es": "2.6.3", "@chainlink/cre-sdk-javy-plugin": "1.1.1", "@standard-schema/spec": "1.0.0", "viem": "2.34.0", "zod": "3.25.76" }, "bin": { "cre-compile": "bin/cre-compile.ts" } }, ""],

    "@chainlink/cre-sdk-javy-plugin": ["@chainlink/cre-sdk-javy-plugin@1.1.1", "", { "bin": { "cre-compile-workflow": "bin/compile-workflow.ts", "cre-setup": "bin/setup.ts" } }, ""],

    "@noble/ciphers": ["@noble/ciphers@1.3.0", "", {}, ""],

    "@noble/curves": ["@noble/curves@1.9.7", "", { "dependencies": { "@noble/hashes": "1.8.0" } }, "sha512-gbKGcRUYIjA3/zCCNaWDciTMFI0dCkvou3TL8Zmy5Nc7sJ47a0jtOeZoTaMxkuqRo9cRhjOdZJXegxYE5FN/xw=="],

    "@noble/hashes": ["@noble/hashes@1.8.0", "", {}, "sha512-jCs9ldd7NwzpgXDIf6P3+NrHh9/sD6CQdxHyjQI+h/6rDNo88ypBxxz45UDuZHz9r3tNz7N/VInSVoVdtXEI4A=="],

    "@scure/base": ["@scure/base@1.2.6", "", {}, ""],

    "@scure/bip32": ["@scure/bip32@1.7.0", "", { "dependencies": { "@noble/curves": "~1.9.0", "@noble/hashes": "~1.8.0", "@scure/base": "~1.2.5" } }, ""],

    "@scure/bip39": ["@scure/bip39@1.6.0", "", { "dependencies": { "@noble/hashes": "~1.8.0", "@scure/base": "~1.2.5" } }, ""],

    "@standard-schema/spec": ["@standard-schema/spec@1.0.0", "", {}, ""],

    "@types/bun": ["@types/bun@1.2.21", "", { "dependencies": { "bun-types": "1.2.21" } }, ""],

    "@types/node": ["@types/node@22.7.5", "", { "dependencies": { "undici-types": "~6.19.2" } }, ""],

    "@types/react": ["@types/react@19.2.14", "", { "dependencies": { "csstype": "^3.2.2" } }, ""],

    "@typescript/vfs": ["@typescript/vfs@1.6.4", "", { "dependencies": { "debug": "^4.4.3" }, "peerDependencies": { "typescript": "*" } }, ""],

    "abitype": ["abitype@1.0.8", "", { "peerDependencies": { "typescript": ">=5.0.4", "zod": "^3 >=3.22.0" } }, ""],

    "aes-js": ["aes-js@4.0.0-beta.5", "", {}, ""],

    "bun-types": ["bun-types@1.2.21", "", { "dependencies": { "@types/node": "*" }, "peerDependencies": { "@types/react": "^19" } }, ""],

    "csstype": ["csstype@3.2.3", "", {}, ""],

    "debug": ["debug@4.4.3", "", { "dependencies": { "ms": "^2.1.3" } }, ""],

    "decimal.js": ["decimal.js@10.6.0", "", {}, ""],

    "ethers": ["ethers@6.16.0", "", { "dependencies": { "@adraffy/ens-normalize": "1.10.1", "@noble/curves": "1.2.0", "@noble/hashes": "1.3.2", "@types/node": "22.7.5", "aes-js": "4.0.0-beta.5", "tslib": "2.7.0", "ws": "8.17.1" } }, ""],

    "eventemitter3": ["eventemitter3@5.0.1", "", {}, ""],

    "isows": ["isows@1.0.7", "", { "peerDependencies": { "ws": "*" } }, ""],

    "ms": ["ms@2.1.3", "", {}, ""],

    "ox": ["ox@0.8.7", "", { "dependencies": { "@adraffy/ens-normalize": "^1.11.0", "@noble/ciphers": "^1.3.0", "@noble/curves": "^1.9.1", "@noble/hashes": "^1.8.0", "@scure/bip32": "^1.7.0", "@scure/bip39": "^1.6.0", "abitype": "^1.0.8", "eventemitter3": "5.0.1" }, "peerDependencies": { "typescript": ">=5.4.0" } }, ""],

    "tslib": ["tslib@2.7.0", "", {}, ""],

    "typescript": ["typescript@5.4.5", "", { "bin": { "tsc": "bin/tsc", "tsserver": "bin/tsserver" } }, ""],

    "undici-types": ["undici-types@6.19.8", "", {}, ""],

    "viem": ["viem@2.34.0", "", { "dependencies": { "@noble/curves": "1.9.6", "@noble/hashes": "1.8.0", "@scure/bip32": "1.7.0", "@scure/bip39": "1.6.0", "abitype": "1.0.8", "isows": "1.0.7", "ox": "0.8.7", "ws": "8.18.3" }, "peerDependencies": { "typescript": ">=5.0.4" } }, ""],

    "ws": ["ws@8.17.1", "", { "peerDependencies": { "bufferutil": "^4.0.1", "utf-8-validate": ">=5.0.2" }, "optionalPeers": ["bufferutil", "utf-8-validate"] }, ""],

    "zod": ["zod@3.25.76", "", {}, ""],

    "@scure/bip32/@noble/hashes": ["@noble/hashes@1.8.0", "", {}, ""],

    "@scure/bip39/@noble/hashes": ["@noble/hashes@1.8.0", "", {}, ""],

    "bun-types/@types/node": ["@types/node@25.3.0", "", { "dependencies": { "undici-types": "~7.18.0" } }, ""],

    "ethers/@noble/curves": ["@noble/curves@1.2.0", "", { "dependencies": { "@noble/hashes": "1.3.2" } }, "sha512-oYclrNgRaM9SsBUBVbb8M6DTV7ZHRTKugureoYEncY5c65HOmRzvSiTE3y5CYaPYJA/GVkrhXEoF0M3Ya9PMnw=="],

    "ethers/@noble/hashes": ["@noble/hashes@1.3.2", "", {}, ""],

    "ox/@adraffy/ens-normalize": ["@adraffy/ens-normalize@1.11.1", "", {}, ""],

    "ox/@noble/hashes": ["@noble/hashes@1.8.0", "", {}, ""],

    "viem/@noble/curves": ["@noble/curves@1.9.6", "", { "dependencies": { "@noble/hashes": "1.8.0" } }, ""],

    "viem/@noble/hashes": ["@noble/hashes@1.8.0", "", {}, ""],

    "viem/ws": ["ws@8.18.3", "", { "peerDependencies": { "bufferutil": "^4.0.1", "utf-8-validate": ">=5.0.2" }, "optionalPeers": ["bufferutil", "utf-8-validate"] }, ""],

    "bun-types/@types/node/undici-types": ["undici-types@7.18.2", "", {}, ""],
  }
}
